
Microsoft Visual Studio Solution File, Format Version 11.00
# Visual Studio 2010
Project("{FAE04EC0-301F-11D3-BF4B-00C04F79EFBC}") = "MatchLifestyleFacility.Demo", "app\MatchLifestyleFacility.Demo\MatchLifestyleFacility.Demo.csproj", "{074D1311-D6A7-4EE0-B070-EEBC38048E47}"
EndProject
Project("{FAE04EC0-301F-11D3-BF4B-00C04F79EFBC}") = "MatchLifestyleFacility", "app\MatchLifestyleFacility\MatchLifestyleFacility.csproj", "{FF041336-0123-4F08-8193-3D011555252D}"
EndProject
Global
	GlobalSection(SolutionConfigurationPlatforms) = preSolution
		Debug|Any CPU = Debug|Any CPU
		Debug|Mixed Platforms = Debug|Mixed Platforms
		Debug|x86 = Debug|x86
		Release|Any CPU = Release|Any CPU
		Release|Mixed Platforms = Release|Mixed Platforms
		Release|x86 = Release|x86
	EndGlobalSection
	GlobalSection(ProjectConfigurationPlatforms) = postSolution
		{074D1311-D6A7-4EE0-B070-EEBC38048E47}.Debug|Any CPU.ActiveCfg = Debug|x86
		{074D1311-D6A7-4EE0-B070-EEBC38048E47}.Debug|Mixed Platforms.ActiveCfg = Debug|x86
		{074D1311-D6A7-4EE0-B070-EEBC38048E47}.Debug|Mixed Platforms.Build.0 = Debug|x86
		{074D1311-D6A7-4EE0-B070-EEBC38048E47}.Debug|x86.ActiveCfg = Debug|x86
		{074D1311-D6A7-4EE0-B070-EEBC38048E47}.Debug|x86.Build.0 = Debug|x86
		{074D1311-D6A7-4EE0-B070-EEBC38048E47}.Release|Any CPU.ActiveCfg = Release|x86
		{074D1311-D6A7-4EE0-B070-EEBC38048E47}.Release|Mixed Platforms.ActiveCfg = Release|x86
		{074D1311-D6A7-4EE0-B070-EEBC38048E47}.Release|Mixed Platforms.Build.0 = Release|x86
		{074D1311-D6A7-4EE0-B070-EEBC38048E47}.Release|x86.ActiveCfg = Release|x86
		{074D1311-D6A7-4EE0-B070-EEBC38048E47}.Release|x86.Build.0 = Release|x86
		{FF041336-0123-4F08-8193-3D011555252D}.Debug|Any CPU.ActiveCfg = Debug|Any CPU
		{FF041336-0123-4F08-8193-3D011555252D}.Debug|Any CPU.Build.0 = Debug|Any CPU
		{FF041336-0123-4F08-8193-3D011555252D}.Debug|Mixed Platforms.ActiveCfg = Debug|Any CPU
		{FF041336-0123-4F08-8193-3D011555252D}.Debug|Mixed Platforms.Build.0 = Debug|Any CPU
		{FF041336-0123-4F08-8193-3D011555252D}.Debug|x86.ActiveCfg = Debug|Any CPU
		{FF041336-0123-4F08-8193-3D011555252D}.Release|Any CPU.ActiveCfg = Release|Any CPU
		{FF041336-0123-4F08-8193-3D011555252D}.Release|Any CPU.Build.0 = Release|Any CPU
		{FF041336-0123-4F08-8193-3D011555252D}.Release|Mixed Platforms.ActiveCfg = Release|Any CPU
		{FF041336-0123-4F08-8193-3D011555252D}.Release|Mixed Platforms.Build.0 = Release|Any CPU
		{FF041336-0123-4F08-8193-3D011555252D}.Release|x86.ActiveCfg = Release|Any CPU
	EndGlobalSection
	GlobalSection(SolutionProperties) = preSolution
		HideSolutionNode = FALSE
	EndGlobalSection
EndGlobal
